// !$*UTF8*$!
{
	archiveVersion = 1;
	classes = {
	};
	objectVersion = 46;
	objects = {

/* Begin PBXBuildFile section */
		7269FDDA19603D5C00B5FF5B /* Foundation.framework in Frameworks */ = {isa = PBXBuildFile; fileRef = 7269FDD919603D5C00B5FF5B /* Foundation.framework */; };
		7269FDDC19603D5C00B5FF5B /* CoreGraphics.framework in Frameworks */ = {isa = PBXBuildFile; fileRef = 7269FDDB19603D5C00B5FF5B /* CoreGraphics.framework */; };
		7269FDDE19603D5C00B5FF5B /* UIKit.framework in Frameworks */ = {isa = PBXBuildFile; fileRef = 7269FDDD19603D5C00B5FF5B /* UIKit.framework */; };
		7269FDE419603D5C00B5FF5B /* InfoPlist.strings in Resources */ = {isa = PBXBuildFile; fileRef = 7269FDE219603D5C00B5FF5B /* InfoPlist.strings */; };
		7269FDE619603D5C00B5FF5B /* main.m in Sources */ = {isa = PBXBuildFile; fileRef = 7269FDE519603D5C00B5FF5B /* main.m */; };
		7269FDEA19603D5C00B5FF5B /* AppDelegate.m in Sources */ = {isa = PBXBuildFile; fileRef = 7269FDE919603D5C00B5FF5B /* AppDelegate.m */; };
		7269FDED19603D5C00B5FF5B /* Main.storyboard in Resources */ = {isa = PBXBuildFile; fileRef = 7269FDEB19603D5C00B5FF5B /* Main.storyboard */; };
		7269FDF019603D5C00B5FF5B /* ViewController.m in Sources */ = {isa = PBXBuildFile; fileRef = 7269FDEF19603D5C00B5FF5B /* ViewController.m */; };
		7269FDF219603D5C00B5FF5B /* Images.xcassets in Resources */ = {isa = PBXBuildFile; fileRef = 7269FDF119603D5C00B5FF5B /* Images.xcassets */; };
		7269FDF919603D5C00B5FF5B /* XCTest.framework in Frameworks */ = {isa = PBXBuildFile; fileRef = 7269FDF819603D5C00B5FF5B /* XCTest.framework */; };
		7269FDFA19603D5C00B5FF5B /* Foundation.framework in Frameworks */ = {isa = PBXBuildFile; fileRef = 7269FDD919603D5C00B5FF5B /* Foundation.framework */; };
		7269FDFB19603D5C00B5FF5B /* UIKit.framework in Frameworks */ = {isa = PBXBuildFile; fileRef = 7269FDDD19603D5C00B5FF5B /* UIKit.framework */; };
		7269FE0319603D5C00B5FF5B /* InfoPlist.strings in Resources */ = {isa = PBXBuildFile; fileRef = 7269FE0119603D5C00B5FF5B /* InfoPlist.strings */; };
		7269FE0519603D5D00B5FF5B /* ShOutTests.m in Sources */ = {isa = PBXBuildFile; fileRef = 7269FE0419603D5D00B5FF5B /* ShOutTests.m */; };
		7269FE1719603F7500B5FF5B /* AudioToolbox.framework in Frameworks */ = {isa = PBXBuildFile; fileRef = 7269FE0E19603F7500B5FF5B /* AudioToolbox.framework */; };
		7269FE1819603F7500B5FF5B /* CFNetwork.framework in Frameworks */ = {isa = PBXBuildFile; fileRef = 7269FE0F19603F7500B5FF5B /* CFNetwork.framework */; };
		7269FE1919603F7500B5FF5B /* CoreLocation.framework in Frameworks */ = {isa = PBXBuildFile; fileRef = 7269FE1019603F7500B5FF5B /* CoreLocation.framework */; };
		7269FE1A19603F7500B5FF5B /* libz.1.1.3.dylib in Frameworks */ = {isa = PBXBuildFile; fileRef = 7269FE1119603F7500B5FF5B /* libz.1.1.3.dylib */; };
		7269FE1B19603F7500B5FF5B /* MobileCoreServices.framework in Frameworks */ = {isa = PBXBuildFile; fileRef = 7269FE1219603F7500B5FF5B /* MobileCoreServices.framework */; };
		7269FE1C19603F7500B5FF5B /* QuartzCore.framework in Frameworks */ = {isa = PBXBuildFile; fileRef = 7269FE1319603F7500B5FF5B /* QuartzCore.framework */; };
		7269FE1D19603F7500B5FF5B /* Security.framework in Frameworks */ = {isa = PBXBuildFile; fileRef = 7269FE1419603F7500B5FF5B /* Security.framework */; };
		7269FE1E19603F7500B5FF5B /* StoreKit.framework in Frameworks */ = {isa = PBXBuildFile; fileRef = 7269FE1519603F7500B5FF5B /* StoreKit.framework */; };
		7269FE1F19603F7500B5FF5B /* SystemConfiguration.framework in Frameworks */ = {isa = PBXBuildFile; fileRef = 7269FE1619603F7500B5FF5B /* SystemConfiguration.framework */; };
		7269FE2119603F8500B5FF5B /* Parse.framework in Frameworks */ = {isa = PBXBuildFile; fileRef = 7269FE2019603F8500B5FF5B /* Parse.framework */; };
		7269FE291960451E00B5FF5B /* LaunchImage.png in Resources */ = {isa = PBXBuildFile; fileRef = 7269FE281960451E00B5FF5B /* LaunchImage.png */; };
		7269FE2C19604D2700B5FF5B /* IntroViewController.m in Sources */ = {isa = PBXBuildFile; fileRef = 7269FE2B19604D2700B5FF5B /* IntroViewController.m */; };
		7269FE2F19609C9800B5FF5B /* PinDropViewController.m in Sources */ = {isa = PBXBuildFile; fileRef = 7269FE2E19609C9800B5FF5B /* PinDropViewController.m */; };
		7269FE3219609D3A00B5FF5B /* MapViewController.m in Sources */ = {isa = PBXBuildFile; fileRef = 7269FE3119609D3A00B5FF5B /* MapViewController.m */; };
		7269FE3519609D6100B5FF5B /* InboxViewController.m in Sources */ = {isa = PBXBuildFile; fileRef = 7269FE3419609D6100B5FF5B /* InboxViewController.m */; };
/* End PBXBuildFile section */

/* Begin PBXContainerItemProxy section */
		7269FDFC19603D5C00B5FF5B /* PBXContainerItemProxy */ = {
			isa = PBXContainerItemProxy;
			containerPortal = 7269FDCE19603D5C00B5FF5B /* Project object */;
			proxyType = 1;
			remoteGlobalIDString = 7269FDD519603D5C00B5FF5B;
			remoteInfo = ShOut;
		};
/* End PBXContainerItemProxy section */

/* Begin PBXFileReference section */
		7269FDD619603D5C00B5FF5B /* ShOut.app */ = {isa = PBXFileReference; explicitFileType = wrapper.application; includeInIndex = 0; path = ShOut.app; sourceTree = BUILT_PRODUCTS_DIR; };
		7269FDD919603D5C00B5FF5B /* Foundation.framework */ = {isa = PBXFileReference; lastKnownFileType = wrapper.framework; name = Foundation.framework; path = System/Library/Frameworks/Foundation.framework; sourceTree = SDKROOT; };
		7269FDDB19603D5C00B5FF5B /* CoreGraphics.framework */ = {isa = PBXFileReference; lastKnownFileType = wrapper.framework; name = CoreGraphics.framework; path = System/Library/Frameworks/CoreGraphics.framework; sourceTree = SDKROOT; };
		7269FDDD19603D5C00B5FF5B /* UIKit.framework */ = {isa = PBXFileReference; lastKnownFileType = wrapper.framework; name = UIKit.framework; path = System/Library/Frameworks/UIKit.framework; sourceTree = SDKROOT; };
		7269FDE119603D5C00B5FF5B /* ShOut-Info.plist */ = {isa = PBXFileReference; lastKnownFileType = text.plist.xml; path = "ShOut-Info.plist"; sourceTree = "<group>"; };
		7269FDE319603D5C00B5FF5B /* en */ = {isa = PBXFileReference; lastKnownFileType = text.plist.strings; name = en; path = en.lproj/InfoPlist.strings; sourceTree = "<group>"; };
		7269FDE519603D5C00B5FF5B /* main.m */ = {isa = PBXFileReference; lastKnownFileType = sourcecode.c.objc; path = main.m; sourceTree = "<group>"; };
		7269FDE719603D5C00B5FF5B /* ShOut-Prefix.pch */ = {isa = PBXFileReference; lastKnownFileType = sourcecode.c.h; path = "ShOut-Prefix.pch"; sourceTree = "<group>"; };
		7269FDE819603D5C00B5FF5B /* AppDelegate.h */ = {isa = PBXFileReference; lastKnownFileType = sourcecode.c.h; path = AppDelegate.h; sourceTree = "<group>"; };
		7269FDE919603D5C00B5FF5B /* AppDelegate.m */ = {isa = PBXFileReference; lastKnownFileType = sourcecode.c.objc; path = AppDelegate.m; sourceTree = "<group>"; };
		7269FDEC19603D5C00B5FF5B /* Base */ = {isa = PBXFileReference; lastKnownFileType = file.storyboard; name = Base; path = Base.lproj/Main.storyboard; sourceTree = "<group>"; };
		7269FDEE19603D5C00B5FF5B /* ViewController.h */ = {isa = PBXFileReference; lastKnownFileType = sourcecode.c.h; path = ViewController.h; sourceTree = "<group>"; };
		7269FDEF19603D5C00B5FF5B /* ViewController.m */ = {isa = PBXFileReference; lastKnownFileType = sourcecode.c.objc; path = ViewController.m; sourceTree = "<group>"; };
		7269FDF119603D5C00B5FF5B /* Images.xcassets */ = {isa = PBXFileReference; lastKnownFileType = folder.assetcatalog; path = Images.xcassets; sourceTree = "<group>"; };
		7269FDF719603D5C00B5FF5B /* ShOutTests.xctest */ = {isa = PBXFileReference; explicitFileType = wrapper.cfbundle; includeInIndex = 0; path = ShOutTests.xctest; sourceTree = BUILT_PRODUCTS_DIR; };
		7269FDF819603D5C00B5FF5B /* XCTest.framework */ = {isa = PBXFileReference; lastKnownFileType = wrapper.framework; name = XCTest.framework; path = Library/Frameworks/XCTest.framework; sourceTree = DEVELOPER_DIR; };
		7269FE0019603D5C00B5FF5B /* ShOutTests-Info.plist */ = {isa = PBXFileReference; lastKnownFileType = text.plist.xml; path = "ShOutTests-Info.plist"; sourceTree = "<group>"; };
		7269FE0219603D5C00B5FF5B /* en */ = {isa = PBXFileReference; lastKnownFileType = text.plist.strings; name = en; path = en.lproj/InfoPlist.strings; sourceTree = "<group>"; };
		7269FE0419603D5D00B5FF5B /* ShOutTests.m */ = {isa = PBXFileReference; lastKnownFileType = sourcecode.c.objc; path = ShOutTests.m; sourceTree = "<group>"; };
		7269FE0E19603F7500B5FF5B /* AudioToolbox.framework */ = {isa = PBXFileReference; lastKnownFileType = wrapper.framework; name = AudioToolbox.framework; path = System/Library/Frameworks/AudioToolbox.framework; sourceTree = SDKROOT; };
		7269FE0F19603F7500B5FF5B /* CFNetwork.framework */ = {isa = PBXFileReference; lastKnownFileType = wrapper.framework; name = CFNetwork.framework; path = System/Library/Frameworks/CFNetwork.framework; sourceTree = SDKROOT; };
		7269FE1019603F7500B5FF5B /* CoreLocation.framework */ = {isa = PBXFileReference; lastKnownFileType = wrapper.framework; name = CoreLocation.framework; path = System/Library/Frameworks/CoreLocation.framework; sourceTree = SDKROOT; };
		7269FE1119603F7500B5FF5B /* libz.1.1.3.dylib */ = {isa = PBXFileReference; lastKnownFileType = "compiled.mach-o.dylib"; name = libz.1.1.3.dylib; path = usr/lib/libz.1.1.3.dylib; sourceTree = SDKROOT; };
		7269FE1219603F7500B5FF5B /* MobileCoreServices.framework */ = {isa = PBXFileReference; lastKnownFileType = wrapper.framework; name = MobileCoreServices.framework; path = System/Library/Frameworks/MobileCoreServices.framework; sourceTree = SDKROOT; };
		7269FE1319603F7500B5FF5B /* QuartzCore.framework */ = {isa = PBXFileReference; lastKnownFileType = wrapper.framework; name = QuartzCore.framework; path = System/Library/Frameworks/QuartzCore.framework; sourceTree = SDKROOT; };
		7269FE1419603F7500B5FF5B /* Security.framework */ = {isa = PBXFileReference; lastKnownFileType = wrapper.framework; name = Security.framework; path = System/Library/Frameworks/Security.framework; sourceTree = SDKROOT; };
		7269FE1519603F7500B5FF5B /* StoreKit.framework */ = {isa = PBXFileReference; lastKnownFileType = wrapper.framework; name = StoreKit.framework; path = System/Library/Frameworks/StoreKit.framework; sourceTree = SDKROOT; };
		7269FE1619603F7500B5FF5B /* SystemConfiguration.framework */ = {isa = PBXFileReference; lastKnownFileType = wrapper.framework; name = SystemConfiguration.framework; path = System/Library/Frameworks/SystemConfiguration.framework; sourceTree = SDKROOT; };
		7269FE2019603F8500B5FF5B /* Parse.framework */ = {isa = PBXFileReference; lastKnownFileType = wrapper.framework; name = Parse.framework; path = ../Parse.framework; sourceTree = "<group>"; };
		7269FE281960451E00B5FF5B /* LaunchImage.png */ = {isa = PBXFileReference; lastKnownFileType = image.png; path = LaunchImage.png; sourceTree = "<group>"; };
		7269FE2A19604D2700B5FF5B /* IntroViewController.h */ = {isa = PBXFileReference; fileEncoding = 4; lastKnownFileType = sourcecode.c.h; path = IntroViewController.h; sourceTree = "<group>"; };
		7269FE2B19604D2700B5FF5B /* IntroViewController.m */ = {isa = PBXFileReference; fileEncoding = 4; lastKnownFileType = sourcecode.c.objc; path = IntroViewController.m; sourceTree = "<group>"; };
		7269FE2D19609C9800B5FF5B /* PinDropViewController.h */ = {isa = PBXFileReference; fileEncoding = 4; lastKnownFileType = sourcecode.c.h; path = PinDropViewController.h; sourceTree = "<group>"; };
		7269FE2E19609C9800B5FF5B /* PinDropViewController.m */ = {isa = PBXFileReference; fileEncoding = 4; lastKnownFileType = sourcecode.c.objc; path = PinDropViewController.m; sourceTree = "<group>"; };
		7269FE3019609D3A00B5FF5B /* MapViewController.h */ = {isa = PBXFileReference; fileEncoding = 4; lastKnownFileType = sourcecode.c.h; path = MapViewController.h; sourceTree = "<group>"; };
		7269FE3119609D3A00B5FF5B /* MapViewController.m */ = {isa = PBXFileReference; fileEncoding = 4; lastKnownFileType = sourcecode.c.objc; path = MapViewController.m; sourceTree = "<group>"; };
		7269FE3319609D6100B5FF5B /* InboxViewController.h */ = {isa = PBXFileReference; fileEncoding = 4; lastKnownFileType = sourcecode.c.h; path = InboxViewController.h; sourceTree = "<group>"; };
		7269FE3419609D6100B5FF5B /* InboxViewController.m */ = {isa = PBXFileReference; fileEncoding = 4; lastKnownFileType = sourcecode.c.objc; path = InboxViewController.m; sourceTree = "<group>"; };
/* End PBXFileReference section */

/* Begin PBXFrameworksBuildPhase section */
		7269FDD319603D5C00B5FF5B /* Frameworks */ = {
			isa = PBXFrameworksBuildPhase;
			buildActionMask = 2147483647;
			files = (
				7269FE2119603F8500B5FF5B /* Parse.framework in Frameworks */,
				7269FE1719603F7500B5FF5B /* AudioToolbox.framework in Frameworks */,
				7269FE1819603F7500B5FF5B /* CFNetwork.framework in Frameworks */,
				7269FE1919603F7500B5FF5B /* CoreLocation.framework in Frameworks */,
				7269FE1A19603F7500B5FF5B /* libz.1.1.3.dylib in Frameworks */,
				7269FE1B19603F7500B5FF5B /* MobileCoreServices.framework in Frameworks */,
				7269FE1C19603F7500B5FF5B /* QuartzCore.framework in Frameworks */,
				7269FE1D19603F7500B5FF5B /* Security.framework in Frameworks */,
				7269FE1E19603F7500B5FF5B /* StoreKit.framework in Frameworks */,
				7269FE1F19603F7500B5FF5B /* SystemConfiguration.framework in Frameworks */,
				7269FDDC19603D5C00B5FF5B /* CoreGraphics.framework in Frameworks */,
				7269FDDE19603D5C00B5FF5B /* UIKit.framework in Frameworks */,
				7269FDDA19603D5C00B5FF5B /* Foundation.framework in Frameworks */,
			);
			runOnlyForDeploymentPostprocessing = 0;
		};
		7269FDF419603D5C00B5FF5B /* Frameworks */ = {
			isa = PBXFrameworksBuildPhase;
			buildActionMask = 2147483647;
			files = (
				7269FDF919603D5C00B5FF5B /* XCTest.framework in Frameworks */,
				7269FDFB19603D5C00B5FF5B /* UIKit.framework in Frameworks */,
				7269FDFA19603D5C00B5FF5B /* Foundation.framework in Frameworks */,
			);
			runOnlyForDeploymentPostprocessing = 0;
		};
/* End PBXFrameworksBuildPhase section */

/* Begin PBXGroup section */
		7269FDCD19603D5C00B5FF5B = {
			isa = PBXGroup;
			children = (
				7269FDDF19603D5C00B5FF5B /* ShOut */,
				7269FDFE19603D5C00B5FF5B /* ShOutTests */,
				7269FDD819603D5C00B5FF5B /* Frameworks */,
				7269FDD719603D5C00B5FF5B /* Products */,
			);
			sourceTree = "<group>";
		};
		7269FDD719603D5C00B5FF5B /* Products */ = {
			isa = PBXGroup;
			children = (
				7269FDD619603D5C00B5FF5B /* ShOut.app */,
				7269FDF719603D5C00B5FF5B /* ShOutTests.xctest */,
			);
			name = Products;
			sourceTree = "<group>";
		};
		7269FDD819603D5C00B5FF5B /* Frameworks */ = {
			isa = PBXGroup;
			children = (
				7269FE2019603F8500B5FF5B /* Parse.framework */,
				7269FE0E19603F7500B5FF5B /* AudioToolbox.framework */,
				7269FE0F19603F7500B5FF5B /* CFNetwork.framework */,
				7269FE1019603F7500B5FF5B /* CoreLocation.framework */,
				7269FE1119603F7500B5FF5B /* libz.1.1.3.dylib */,
				7269FE1219603F7500B5FF5B /* MobileCoreServices.framework */,
				7269FE1319603F7500B5FF5B /* QuartzCore.framework */,
				7269FE1419603F7500B5FF5B /* Security.framework */,
				7269FE1519603F7500B5FF5B /* StoreKit.framework */,
				7269FE1619603F7500B5FF5B /* SystemConfiguration.framework */,
				7269FDD919603D5C00B5FF5B /* Foundation.framework */,
				7269FDDB19603D5C00B5FF5B /* CoreGraphics.framework */,
				7269FDDD19603D5C00B5FF5B /* UIKit.framework */,
				7269FDF819603D5C00B5FF5B /* XCTest.framework */,
			);
			name = Frameworks;
			sourceTree = "<group>";
		};
		7269FDDF19603D5C00B5FF5B /* ShOut */ = {
			isa = PBXGroup;
			children = (
				7269FDE819603D5C00B5FF5B /* AppDelegate.h */,
				7269FDE919603D5C00B5FF5B /* AppDelegate.m */,
				7269FDEB19603D5C00B5FF5B /* Main.storyboard */,
				7269FE22196042C900B5FF5B /* UI */,
				7269FDF119603D5C00B5FF5B /* Images.xcassets */,
				7269FDE019603D5C00B5FF5B /* Supporting Files */,
			);
			path = ShOut;
			sourceTree = "<group>";
		};
		7269FDE019603D5C00B5FF5B /* Supporting Files */ = {
			isa = PBXGroup;
			children = (
				7269FDE119603D5C00B5FF5B /* ShOut-Info.plist */,
				7269FDE219603D5C00B5FF5B /* InfoPlist.strings */,
				7269FDE519603D5C00B5FF5B /* main.m */,
				7269FDE719603D5C00B5FF5B /* ShOut-Prefix.pch */,
			);
			name = "Supporting Files";
			sourceTree = "<group>";
		};
		7269FDFE19603D5C00B5FF5B /* ShOutTests */ = {
			isa = PBXGroup;
			children = (
				7269FE0419603D5D00B5FF5B /* ShOutTests.m */,
				7269FDFF19603D5C00B5FF5B /* Supporting Files */,
			);
			path = ShOutTests;
			sourceTree = "<group>";
		};
		7269FDFF19603D5C00B5FF5B /* Supporting Files */ = {
			isa = PBXGroup;
			children = (
				7269FE0019603D5C00B5FF5B /* ShOutTests-Info.plist */,
				7269FE0119603D5C00B5FF5B /* InfoPlist.strings */,
			);
			name = "Supporting Files";
			sourceTree = "<group>";
		};
		7269FE22196042C900B5FF5B /* UI */ = {
			isa = PBXGroup;
			children = (
				7269FDEE19603D5C00B5FF5B /* ViewController.h */,
				7269FDEF19603D5C00B5FF5B /* ViewController.m */,
				7269FE2A19604D2700B5FF5B /* IntroViewController.h */,
				7269FE2B19604D2700B5FF5B /* IntroViewController.m */,
				7269FE281960451E00B5FF5B /* LaunchImage.png */,
				7269FE2D19609C9800B5FF5B /* PinDropViewController.h */,
				7269FE2E19609C9800B5FF5B /* PinDropViewController.m */,
				7269FE3019609D3A00B5FF5B /* MapViewController.h */,
				7269FE3119609D3A00B5FF5B /* MapViewController.m */,
				7269FE3319609D6100B5FF5B /* InboxViewController.h */,
				7269FE3419609D6100B5FF5B /* InboxViewController.m */,
			);
			name = UI;
			sourceTree = "<group>";
		};
/* End PBXGroup section */

/* Begin PBXNativeTarget section */
		7269FDD519603D5C00B5FF5B /* ShOut */ = {
			isa = PBXNativeTarget;
			buildConfigurationList = 7269FE0819603D5D00B5FF5B /* Build configuration list for PBXNativeTarget "ShOut" */;
			buildPhases = (
				7269FDD219603D5C00B5FF5B /* Sources */,
				7269FDD319603D5C00B5FF5B /* Frameworks */,
				7269FDD419603D5C00B5FF5B /* Resources */,
			);
			buildRules = (
			);
			dependencies = (
			);
			name = ShOut;
			productName = ShOut;
			productReference = 7269FDD619603D5C00B5FF5B /* ShOut.app */;
			productType = "com.apple.product-type.application";
		};
		7269FDF619603D5C00B5FF5B /* ShOutTests */ = {
			isa = PBXNativeTarget;
			buildConfigurationList = 7269FE0B19603D5D00B5FF5B /* Build configuration list for PBXNativeTarget "ShOutTests" */;
			buildPhases = (
				7269FDF319603D5C00B5FF5B /* Sources */,
				7269FDF419603D5C00B5FF5B /* Frameworks */,
				7269FDF519603D5C00B5FF5B /* Resources */,
			);
			buildRules = (
			);
			dependencies = (
				7269FDFD19603D5C00B5FF5B /* PBXTargetDependency */,
			);
			name = ShOutTests;
			productName = ShOutTests;
			productReference = 7269FDF719603D5C00B5FF5B /* ShOutTests.xctest */;
			productType = "com.apple.product-type.bundle.unit-test";
		};
/* End PBXNativeTarget section */

/* Begin PBXProject section */
		7269FDCE19603D5C00B5FF5B /* Project object */ = {
			isa = PBXProject;
			attributes = {
				LastUpgradeCheck = 0510;
				ORGANIZATIONNAME = "Oscar de la Hera";
				TargetAttributes = {
					7269FDF619603D5C00B5FF5B = {
						TestTargetID = 7269FDD519603D5C00B5FF5B;
					};
				};
			};
			buildConfigurationList = 7269FDD119603D5C00B5FF5B /* Build configuration list for PBXProject "ShOut" */;
			compatibilityVersion = "Xcode 3.2";
			developmentRegion = English;
			hasScannedForEncodings = 0;
			knownRegions = (
				en,
				Base,
			);
			mainGroup = 7269FDCD19603D5C00B5FF5B;
			productRefGroup = 7269FDD719603D5C00B5FF5B /* Products */;
			projectDirPath = "";
			projectRoot = "";
			targets = (
				7269FDD519603D5C00B5FF5B /* ShOut */,
				7269FDF619603D5C00B5FF5B /* ShOutTests */,
			);
		};
/* End PBXProject section */

/* Begin PBXResourcesBuildPhase section */
		7269FDD419603D5C00B5FF5B /* Resources */ = {
			isa = PBXResourcesBuildPhase;
			buildActionMask = 2147483647;
			files = (
				7269FE291960451E00B5FF5B /* LaunchImage.png in Resources */,
				7269FDF219603D5C00B5FF5B /* Images.xcassets in Resources */,
				7269FDE419603D5C00B5FF5B /* InfoPlist.strings in Resources */,
				7269FDED19603D5C00B5FF5B /* Main.storyboard in Resources */,
			);
			runOnlyForDeploymentPostprocessing = 0;
		};
		7269FDF519603D5C00B5FF5B /* Resources */ = {
			isa = PBXResourcesBuildPhase;
			buildActionMask = 2147483647;
			files = (
				7269FE0319603D5C00B5FF5B /* InfoPlist.strings in Resources */,
			);
			runOnlyForDeploymentPostprocessing = 0;
		};
/* End PBXResourcesBuildPhase section */

/* Begin PBXSourcesBuildPhase section */
		7269FDD219603D5C00B5FF5B /* Sources */ = {
			isa = PBXSourcesBuildPhase;
			buildActionMask = 2147483647;
			files = (
				7269FDF019603D5C00B5FF5B /* ViewController.m in Sources */,
				7269FDEA19603D5C00B5FF5B /* AppDelegate.m in Sources */,
				7269FE2F19609C9800B5FF5B /* PinDropViewController.m in Sources */,
				7269FE3219609D3A00B5FF5B /* MapViewController.m in Sources */,
				7269FDE619603D5C00B5FF5B /* main.m in Sources */,
				7269FE2C19604D2700B5FF5B /* IntroViewController.m in Sources */,
				7269FE3519609D6100B5FF5B /* InboxViewController.m in Sources */,
			);
			runOnlyForDeploymentPostprocessing = 0;
		};
		7269FDF319603D5C00B5FF5B /* Sources */ = {
			isa = PBXSourcesBuildPhase;
			buildActionMask = 2147483647;
			files = (
				7269FE0519603D5D00B5FF5B /* ShOutTests.m in Sources */,
			);
			runOnlyForDeploymentPostprocessing = 0;
		};
/* End PBXSourcesBuildPhase section */

/* Begin PBXTargetDependency section */
		7269FDFD19603D5C00B5FF5B /* PBXTargetDependency */ = {
			isa = PBXTargetDependency;
			target = 7269FDD519603D5C00B5FF5B /* ShOut */;
			targetProxy = 7269FDFC19603D5C00B5FF5B /* PBXContainerItemProxy */;
		};
/* End PBXTargetDependency section */

/* Begin PBXVariantGroup section */
		7269FDE219603D5C00B5FF5B /* InfoPlist.strings */ = {
			isa = PBXVariantGroup;
			children = (
				7269FDE319603D5C00B5FF5B /* en */,
			);
			name = InfoPlist.strings;
			sourceTree = "<group>";
		};
		7269FDEB19603D5C00B5FF5B /* Main.storyboard */ = {
			isa = PBXVariantGroup;
			children = (
				7269FDEC19603D5C00B5FF5B /* Base */,
			);
			name = Main.storyboard;
			sourceTree = "<group>";
		};
		7269FE0119603D5C00B5FF5B /* InfoPlist.strings */ = {
			isa = PBXVariantGroup;
			children = (
				7269FE0219603D5C00B5FF5B /* en */,
			);
			name = InfoPlist.strings;
			sourceTree = "<group>";
		};
/* End PBXVariantGroup section */

/* Begin XCBuildConfiguration section */
		7269FE0619603D5D00B5FF5B /* Debug */ = {
			isa = XCBuildConfiguration;
			buildSettings = {
				ALWAYS_SEARCH_USER_PATHS = NO;
				CLANG_CXX_LANGUAGE_STANDARD = "gnu++0x";
				CLANG_CXX_LIBRARY = "libc++";
				CLANG_ENABLE_MODULES = YES;
				CLANG_ENABLE_OBJC_ARC = YES;
				CLANG_WARN_BOOL_CONVERSION = YES;
				CLANG_WARN_CONSTANT_CONVERSION = YES;
				CLANG_WARN_DIRECT_OBJC_ISA_USAGE = YES_ERROR;
				CLANG_WARN_EMPTY_BODY = YES;
				CLANG_WARN_ENUM_CONVERSION = YES;
				CLANG_WARN_INT_CONVERSION = YES;
				CLANG_WARN_OBJC_ROOT_CLASS = YES_ERROR;
				CLANG_WARN__DUPLICATE_METHOD_MATCH = YES;
				"CODE_SIGN_IDENTITY[sdk=iphoneos*]" = "iPhone Developer";
				COPY_PHASE_STRIP = NO;
				GCC_C_LANGUAGE_STANDARD = gnu99;
				GCC_DYNAMIC_NO_PIC = NO;
				GCC_OPTIMIZATION_LEVEL = 0;
				GCC_PREPROCESSOR_DEFINITIONS = (
					"DEBUG=1",
					"$(inherited)",
				);
				GCC_SYMBOLS_PRIVATE_EXTERN = NO;
				GCC_WARN_64_TO_32_BIT_CONVERSION = YES;
				GCC_WARN_ABOUT_RETURN_TYPE = YES_ERROR;
				GCC_WARN_UNDECLARED_SELECTOR = YES;
				GCC_WARN_UNINITIALIZED_AUTOS = YES_AGGRESSIVE;
				GCC_WARN_UNUSED_FUNCTION = YES;
				GCC_WARN_UNUSED_VARIABLE = YES;
				IPHONEOS_DEPLOYMENT_TARGET = 7.1;
				ONLY_ACTIVE_ARCH = YES;
				SDKROOT = iphoneos;
			};
			name = Debug;
		};
		7269FE0719603D5D00B5FF5B /* Release */ = {
			isa = XCBuildConfiguration;
			buildSettings = {
				ALWAYS_SEARCH_USER_PATHS = NO;
				CLANG_CXX_LANGUAGE_STANDARD = "gnu++0x";
				CLANG_CXX_LIBRARY = "libc++";
				CLANG_ENABLE_MODULES = YES;
				CLANG_ENABLE_OBJC_ARC = YES;
				CLANG_WARN_BOOL_CONVERSION = YES;
				CLANG_WARN_CONSTANT_CONVERSION = YES;
				CLANG_WARN_DIRECT_OBJC_ISA_USAGE = YES_ERROR;
				CLANG_WARN_EMPTY_BODY = YES;
				CLANG_WARN_ENUM_CONVERSION = YES;
				CLANG_WARN_INT_CONVERSION = YES;
				CLANG_WARN_OBJC_ROOT_CLASS = YES_ERROR;
				CLANG_WARN__DUPLICATE_METHOD_MATCH = YES;
				"CODE_SIGN_IDENTITY[sdk=iphoneos*]" = "iPhone Developer";
				COPY_PHASE_STRIP = YES;
				ENABLE_NS_ASSERTIONS = NO;
				GCC_C_LANGUAGE_STANDARD = gnu99;
				GCC_WARN_64_TO_32_BIT_CONVERSION = YES;
				GCC_WARN_ABOUT_RETURN_TYPE = YES_ERROR;
				GCC_WARN_UNDECLARED_SELECTOR = YES;
				GCC_WARN_UNINITIALIZED_AUTOS = YES_AGGRESSIVE;
				GCC_WARN_UNUSED_FUNCTION = YES;
				GCC_WARN_UNUSED_VARIABLE = YES;
				IPHONEOS_DEPLOYMENT_TARGET = 7.1;
				SDKROOT = iphoneos;
				VALIDATE_PRODUCT = YES;
			};
			name = Release;
		};
		7269FE0919603D5D00B5FF5B /* Debug */ = {
			isa = XCBuildConfiguration;
			buildSettings = {
				ASSETCATALOG_COMPILER_APPICON_NAME = AppIcon;
				ASSETCATALOG_COMPILER_LAUNCHIMAGE_NAME = LaunchImage;
				FRAMEWORK_SEARCH_PATHS = (
					"$(inherited)",
					/Users/Oscardelahera/Developer,
				);
				GCC_PRECOMPILE_PREFIX_HEADER = YES;
				GCC_PREFIX_HEADER = "ShOut/ShOut-Prefix.pch";
				INFOPLIST_FILE = "ShOut/ShOut-Info.plist";
				PRODUCT_NAME = "$(TARGET_NAME)";
				WRAPPER_EXTENSION = app;
			};
			name = Debug;
		};
		7269FE0A19603D5D00B5FF5B /* Release */ = {
			isa = XCBuildConfiguration;
			buildSettings = {
				ASSETCATALOG_COMPILER_APPICON_NAME = AppIcon;
				ASSETCATALOG_COMPILER_LAUNCHIMAGE_NAME = LaunchImage;
				FRAMEWORK_SEARCH_PATHS = (
					"$(inherited)",
					/Users/Oscardelahera/Developer,
				);
				GCC_PRECOMPILE_PREFIX_HEADER = YES;
				GCC_PREFIX_HEADER = "ShOut/ShOut-Prefix.pch";
				INFOPLIST_FILE = "ShOut/ShOut-Info.plist";
				PRODUCT_NAME = "$(TARGET_NAME)";
				WRAPPER_EXTENSION = app;
			};
			name = Release;
		};
		7269FE0C19603D5D00B5FF5B /* Debug */ = {
			isa = XCBuildConfiguration;
			buildSettings = {
				BUNDLE_LOADER = "$(BUILT_PRODUCTS_DIR)/ShOut.app/ShOut";
				FRAMEWORK_SEARCH_PATHS = (
					"$(SDKROOT)/Developer/Library/Frameworks",
					"$(inherited)",
					"$(DEVELOPER_FRAMEWORKS_DIR)",
				);
				GCC_PRECOMPILE_PREFIX_HEADER = YES;
				GCC_PREFIX_HEADER = "ShOut/ShOut-Prefix.pch";
				GCC_PREPROCESSOR_DEFINITIONS = (
					"DEBUG=1",
					"$(inherited)",
				);
				INFOPLIST_FILE = "ShOutTests/ShOutTests-Info.plist";
				PRODUCT_NAME = "$(TARGET_NAME)";
				TEST_HOST = "$(BUNDLE_LOADER)";
				WRAPPER_EXTENSION = xctest;
			};
			name = Debug;
		};
		7269FE0D19603D5D00B5FF5B /* Release */ = {
			isa = XCBuildConfiguration;
			buildSettings = {
				BUNDLE_LOADER = "$(BUILT_PRODUCTS_DIR)/ShOut.app/ShOut";
				FRAMEWORK_SEARCH_PATHS = (
					"$(SDKROOT)/Developer/Library/Frameworks",
					"$(inherited)",
					"$(DEVELOPER_FRAMEWORKS_DIR)",
				);
				GCC_PRECOMPILE_PREFIX_HEADER = YES;
				GCC_PREFIX_HEADER = "ShOut/ShOut-Prefix.pch";
				INFOPLIST_FILE = "ShOutTests/ShOutTests-Info.plist";
				PRODUCT_NAME = "$(TARGET_NAME)";
				TEST_HOST = "$(BUNDLE_LOADER)";
				WRAPPER_EXTENSION = xctest;
			};
			name = Release;
		};
/* End XCBuildConfiguration section */

/* Begin XCConfigurationList section */
		7269FDD119603D5C00B5FF5B /* Build configuration list for PBXProject "ShOut" */ = {
			isa = XCConfigurationList;
			buildConfigurations = (
				7269FE0619603D5D00B5FF5B /* Debug */,
				7269FE0719603D5D00B5FF5B /* Release */,
			);
			defaultConfigurationIsVisible = 0;
			defaultConfigurationName = Release;
		};
		7269FE0819603D5D00B5FF5B /* Build configuration list for PBXNativeTarget "ShOut" */ = {
			isa = XCConfigurationList;
			buildConfigurations = (
				7269FE0919603D5D00B5FF5B /* Debug */,
				7269FE0A19603D5D00B5FF5B /* Release */,
			);
			defaultConfigurationIsVisible = 0;
		};
		7269FE0B19603D5D00B5FF5B /* Build configuration list for PBXNativeTarget "ShOutTests" */ = {
			isa = XCConfigurationList;
			buildConfigurations = (
				7269FE0C19603D5D00B5FF5B /* Debug */,
				7269FE0D19603D5D00B5FF5B /* Release */,
			);
			defaultConfigurationIsVisible = 0;
		};
/* End XCConfigurationList section */
	};
	rootObject = 7269FDCE19603D5C00B5FF5B /* Project object */;
}
